{
  "name": "markdown-toc-cli",
  "version": "0.4.2-0",
  "lockfileVersion": 1,
  "requires": true,
  "dependencies": {
    "async": {
      "version": "1.5.2",
      "resolved": "http://npm.krumedia.com:4873/async/-/async-1.5.2.tgz",
      "integrity": "sha1-7GphrlZIDAw8skHJVhjiCJL5Zyo="
    },
    "balanced-match": {
      "version": "1.0.0",
      "resolved": "http://npm.krumedia.com:4873/balanced-match/-/balanced-match-1.0.0.tgz",
      "integrity": "sha1-ibTRmasr7kneFk6gK4nORi1xt2c="
    },
    "brace-expansion": {
      "version": "1.1.11",
      "resolved": "http://npm.krumedia.com:4873/brace-expansion/-/brace-expansion-1.1.11.tgz",
      "integrity": "sha512-iCuPHDFgrHX7H2vEI/5xpz07zSHB00TpugqhmYtVmMO6518mCuRMoOYFldEBl0g187ufozdaHgWKcYFb61qGiA==",
      "requires": {
        "balanced-match": "1.0.0",
        "concat-map": "0.0.1"
      }
    },
    "browser-stdout": {
      "version": "1.3.0",
      "resolved": "http://npm.krumedia.com:4873/browser-stdout/-/browser-stdout-1.3.0.tgz",
      "integrity": "sha1-81HTKWnTL6XXpVZxVCY9korjvR8="
    },
    "coffeescript": {
      "version": "2.2.2",
      "resolved": "http://npm.krumedia.com:4873/coffeescript/-/coffeescript-2.2.2.tgz",
      "integrity": "sha512-VJnQbuT/lUXFPeh9ZPwuqZjG216ngxE89vfj1a1hlAaCCVOb694kKXMVSMm9kLKTbkMQKc/dPs9ABjO2ghMMJQ==",
      "dev": true
    },
    "commander": {
      "version": "2.9.0",
      "resolved": "http://npm.krumedia.com:4873/commander/-/commander-2.9.0.tgz",
      "integrity": "sha1-nJkJQXbhIkDLItbFFGCYQA/g99Q=",
      "requires": {
        "graceful-readlink": "1.0.1"
      }
    },
    "concat-map": {
      "version": "0.0.1",
      "resolved": "http://npm.krumedia.com:4873/concat-map/-/concat-map-0.0.1.tgz",
      "integrity": "sha1-2Klr13/Wjfd5OnMDajug1UBdR3s="
    },
    "d": {
      "version": "0.1.1",
      "resolved": "http://npm.krumedia.com:4873/d/-/d-0.1.1.tgz",
      "integrity": "sha1-2hhMU10Y2O57oqoim5FACfrhEwk=",
      "requires": {
        "es5-ext": "0.10.39"
      }
    },
    "debug": {
      "version": "2.6.8",
      "resolved": "http://npm.krumedia.com:4873/debug/-/debug-2.6.8.tgz",
      "integrity": "sha1-5zFTHKLt4n0YgiJCfaF4IdaP9Pw=",
      "requires": {
        "ms": "2.0.0"
      }
    },
    "delegato": {
      "version": "1.0.0",
      "resolved": "http://npm.krumedia.com:4873/delegato/-/delegato-1.0.0.tgz",
      "integrity": "sha1-xzJK2/Mfo9ltH9YL82jF/MomlRA=",
      "requires": {
        "mixto": "1.0.0"
      }
    },
    "diff": {
      "version": "2.2.3",
      "resolved": "http://npm.krumedia.com:4873/diff/-/diff-2.2.3.tgz",
      "integrity": "sha1-YOr9DSjukG5Oj/ClLBIpUhAzv5k="
    },
    "emissary": {
      "version": "1.3.3",
      "resolved": "http://npm.krumedia.com:4873/emissary/-/emissary-1.3.3.tgz",
      "integrity": "sha1-phjZLWgrIy0xER3DYlpd9mF5lgY=",
      "requires": {
        "es6-weak-map": "0.1.4",
        "mixto": "1.0.0",
        "property-accessors": "1.1.3",
        "underscore-plus": "1.6.6"
      }
    },
    "es5-ext": {
      "version": "0.10.39",
      "resolved": "http://npm.krumedia.com:4873/es5-ext/-/es5-ext-0.10.39.tgz",
      "integrity": "sha512-AlaXZhPHl0po/uxMx1tyrlt1O86M6D5iVaDH8UgLfgek4kXTX6vzsRfJQWC2Ku+aG8pkw1XWzh9eTkwfVrsD5g==",
      "requires": {
        "es6-iterator": "2.0.3",
        "es6-symbol": "3.1.1"
      },
      "dependencies": {
        "d": {
          "version": "1.0.0",
          "resolved": "http://npm.krumedia.com:4873/d/-/d-1.0.0.tgz",
          "integrity": "sha1-dUu1v+VUUdpppYuU1F9MWwRi1Y8=",
          "requires": {
            "es5-ext": "0.10.39"
          }
        },
        "es6-iterator": {
          "version": "2.0.3",
          "resolved": "http://npm.krumedia.com:4873/es6-iterator/-/es6-iterator-2.0.3.tgz",
          "integrity": "sha1-p96IkUGgWpSwhUQDstCg+/qY87c=",
          "requires": {
            "d": "1.0.0",
            "es5-ext": "0.10.39",
            "es6-symbol": "3.1.1"
          }
        },
        "es6-symbol": {
          "version": "3.1.1",
          "resolved": "http://npm.krumedia.com:4873/es6-symbol/-/es6-symbol-3.1.1.tgz",
          "integrity": "sha1-vwDvT9q2uhtG7Le2KbTH7VcVzHc=",
          "requires": {
            "d": "1.0.0",
            "es5-ext": "0.10.39"
          }
        }
      }
    },
    "es6-iterator": {
      "version": "0.1.3",
      "resolved": "http://npm.krumedia.com:4873/es6-iterator/-/es6-iterator-0.1.3.tgz",
      "integrity": "sha1-1vWLjE/EE8JJtLqhl2j45NfIlE4=",
      "requires": {
        "d": "0.1.1",
        "es5-ext": "0.10.39",
        "es6-symbol": "2.0.1"
      }
    },
    "es6-symbol": {
      "version": "2.0.1",
      "resolved": "http://npm.krumedia.com:4873/es6-symbol/-/es6-symbol-2.0.1.tgz",
      "integrity": "sha1-dhtcZ8/U8dGK+yNPaR1nhoLLO/M=",
      "requires": {
        "d": "0.1.1",
        "es5-ext": "0.10.39"
      }
    },
    "es6-weak-map": {
      "version": "0.1.4",
      "resolved": "http://npm.krumedia.com:4873/es6-weak-map/-/es6-weak-map-0.1.4.tgz",
      "integrity": "sha1-cGzvnpmqI2undmwjnIueKG6n0ig=",
      "requires": {
        "d": "0.1.1",
        "es5-ext": "0.10.39",
        "es6-iterator": "0.1.3",
        "es6-symbol": "2.0.1"
      }
    },
    "escape-string-regexp": {
      "version": "1.0.5",
      "resolved": "http://npm.krumedia.com:4873/escape-string-regexp/-/escape-string-regexp-1.0.5.tgz",
      "integrity": "sha1-G2HAViGQqN/2rjuyzwIAyhMLhtQ="
    },
    "event-kit": {
      "version": "2.4.0",
      "resolved": "http://npm.krumedia.com:4873/event-kit/-/event-kit-2.4.0.tgz",
      "integrity": "sha512-ZXd9jxUoc/f/zdLdR3OUcCzT84WnpaNWefquLyE125akIC90sDs8S3T/qihliuVsaj7Osc0z8lLL2fjooE9Z4A=="
    },
    "fs-admin": {
      "version": "0.1.6",
      "resolved": "http://npm.krumedia.com:4873/fs-admin/-/fs-admin-0.1.6.tgz",
      "integrity": "sha512-JHRSPVRBrYggAGM6kpvNvFdxuFmoDxamnBVQT/JApZtVji7bHKbhLOka1Y2pNSQ/OVChbmZFKcWdpwuZEpA65w==",
      "requires": {
        "mocha": "3.5.3",
        "nan": "2.8.0"
      }
    },
    "fs-plus": {
      "version": "3.0.2",
      "resolved": "http://npm.krumedia.com:4873/fs-plus/-/fs-plus-3.0.2.tgz",
      "integrity": "sha1-a19Sp3EolMTd6f2PgfqMYN8EHz0=",
      "requires": {
        "async": "1.5.2",
        "mkdirp": "0.5.1",
        "rimraf": "2.6.2",
        "underscore-plus": "1.6.6"
      }
    },
    "fs.realpath": {
      "version": "1.0.0",
      "resolved": "http://npm.krumedia.com:4873/fs.realpath/-/fs.realpath-1.0.0.tgz",
      "integrity": "sha1-FQStJSMVjKpA20onh8sBQRmU6k8="
    },
    "get-parameter-names": {
      "version": "0.2.0",
      "resolved": "http://npm.krumedia.com:4873/get-parameter-names/-/get-parameter-names-0.2.0.tgz",
      "integrity": "sha1-ohY60JLjUNlL7ilYl0/OzhvFPJk="
    },
    "glob": {
      "version": "7.1.1",
      "resolved": "http://npm.krumedia.com:4873/glob/-/glob-7.1.1.tgz",
      "integrity": "sha1-gFIR3wT6rxxjo2ADBs31reULLsg=",
      "requires": {
        "fs.realpath": "1.0.0",
        "inflight": "1.0.6",
        "inherits": "2.0.3",
        "minimatch": "3.0.4",
        "once": "1.4.0",
        "path-is-absolute": "1.0.1"
      }
    },
    "graceful-readlink": {
      "version": "1.0.1",
      "resolved": "http://npm.krumedia.com:4873/graceful-readlink/-/graceful-readlink-1.0.1.tgz",
      "integrity": "sha1-TK+tdrxi8C+gObL5Tpo906ORpyU="
    },
    "grim": {
      "version": "2.0.2",
      "resolved": "http://npm.krumedia.com:4873/grim/-/grim-2.0.2.tgz",
      "integrity": "sha512-Qj7hTJRfd87E/gUgfvM0YIH/g2UA2SV6niv6BYXk1o6w4mhgv+QyYM1EjOJQljvzgEj4SqSsRWldXIeKHz3e3Q==",
      "requires": {
        "event-kit": "2.4.0"
      }
    },
    "growl": {
      "version": "1.9.2",
      "resolved": "http://npm.krumedia.com:4873/growl/-/growl-1.9.2.tgz",
      "integrity": "sha1-Dqd0NxXbjY3ixe3hd14bRayFwC8="
    },
    "has-flag": {
      "version": "1.0.0",
      "resolved": "http://npm.krumedia.com:4873/has-flag/-/has-flag-1.0.0.tgz",
      "integrity": "sha1-nZ55MWXOAXoA8AQYxD+UKnsdEfo="
    },
    "he": {
      "version": "1.1.1",
      "resolved": "http://npm.krumedia.com:4873/he/-/he-1.1.1.tgz",
      "integrity": "sha1-k0EP0hsAlzUVH4howvJx80J+I/0="
    },
    "iconv-lite": {
      "version": "0.4.19",
      "resolved": "http://npm.krumedia.com:4873/iconv-lite/-/iconv-lite-0.4.19.tgz",
      "integrity": "sha512-oTZqweIP51xaGPI4uPa56/Pri/480R+mo7SeU+YETByQNhDG55ycFyNLIgta9vXhILrxXDmF7ZGhqZIcuN0gJQ=="
    },
    "inflight": {
      "version": "1.0.6",
      "resolved": "http://npm.krumedia.com:4873/inflight/-/inflight-1.0.6.tgz",
      "integrity": "sha1-Sb1jMdfQLQwJvJEKEHW6gWW1bfk=",
      "requires": {
        "once": "1.4.0",
        "wrappy": "1.0.2"
      }
    },
    "inherits": {
      "version": "2.0.3",
      "resolved": "http://npm.krumedia.com:4873/inherits/-/inherits-2.0.3.tgz",
      "integrity": "sha1-Yzwsg+PaQqUC9SRmAiSA9CCCYd4="
    },
    "json3": {
      "version": "3.3.2",
      "resolved": "http://npm.krumedia.com:4873/json3/-/json3-3.3.2.tgz",
      "integrity": "sha1-PAQ0dD35Pi9cQq7nsZvLSDV19OE="
    },
    "lodash._baseassign": {
      "version": "3.2.0",
      "resolved": "http://npm.krumedia.com:4873/lodash._baseassign/-/lodash._baseassign-3.2.0.tgz",
      "integrity": "sha1-jDigmVAPIVrQnlnxci/QxSv+Ck4=",
      "requires": {
        "lodash._basecopy": "3.0.1",
        "lodash.keys": "3.1.2"
      }
    },
    "lodash._basecopy": {
      "version": "3.0.1",
      "resolved": "http://npm.krumedia.com:4873/lodash._basecopy/-/lodash._basecopy-3.0.1.tgz",
      "integrity": "sha1-jaDmqHbPNEwK2KVIghEd08XHyjY="
    },
    "lodash._basecreate": {
      "version": "3.0.3",
      "resolved": "http://npm.krumedia.com:4873/lodash._basecreate/-/lodash._basecreate-3.0.3.tgz",
      "integrity": "sha1-G8ZhYU2qf8MRt9A78WgGoCE8+CE="
    },
    "lodash._getnative": {
      "version": "3.9.1",
      "resolved": "http://npm.krumedia.com:4873/lodash._getnative/-/lodash._getnative-3.9.1.tgz",
      "integrity": "sha1-VwvH3t5G1hzc3mh9ZdPuy6o6r/U="
    },
    "lodash._isiterateecall": {
      "version": "3.0.9",
      "resolved": "http://npm.krumedia.com:4873/lodash._isiterateecall/-/lodash._isiterateecall-3.0.9.tgz",
      "integrity": "sha1-UgOte6Ql+uhCRg5pbbnPPmqsBXw="
    },
    "lodash.create": {
      "version": "3.1.1",
      "resolved": "http://npm.krumedia.com:4873/lodash.create/-/lodash.create-3.1.1.tgz",
      "integrity": "sha1-1/KEnw29p+BGgruM1yqwIkYd6+c=",
      "requires": {
        "lodash._baseassign": "3.2.0",
        "lodash._basecreate": "3.0.3",
        "lodash._isiterateecall": "3.0.9"
      }
    },
    "lodash.isarguments": {
      "version": "3.1.0",
      "resolved": "http://npm.krumedia.com:4873/lodash.isarguments/-/lodash.isarguments-3.1.0.tgz",
      "integrity": "sha1-L1c9hcaiQon/AGY7SRwdM4/zRYo="
    },
    "lodash.isarray": {
      "version": "3.0.4",
      "resolved": "http://npm.krumedia.com:4873/lodash.isarray/-/lodash.isarray-3.0.4.tgz",
      "integrity": "sha1-eeTriMNqgSKvhvhEqpvNhRtfu1U="
    },
    "lodash.keys": {
      "version": "3.1.2",
      "resolved": "http://npm.krumedia.com:4873/lodash.keys/-/lodash.keys-3.1.2.tgz",
      "integrity": "sha1-TbwEcrFWvlCgsoaFXRvQsMZWCYo=",
      "requires": {
        "lodash._getnative": "3.9.1",
        "lodash.isarguments": "3.1.0",
        "lodash.isarray": "3.0.4"
      }
    },
    "minimatch": {
      "version": "3.0.4",
      "resolved": "http://npm.krumedia.com:4873/minimatch/-/minimatch-3.0.4.tgz",
      "integrity": "sha512-yJHVQEhyqPLUTgt9B83PXu6W3rx4MvvHvSUvToogpwoGDOUQ+yDrR0HRot+yOCdCO7u4hX3pWft6kWBBcqh0UA==",
      "requires": {
        "brace-expansion": "1.1.11"
      }
    },
    "minimist": {
      "version": "0.0.8",
      "resolved": "http://npm.krumedia.com:4873/minimist/-/minimist-0.0.8.tgz",
      "integrity": "sha1-hX/Kv8M5fSYluCKCYuhqp6ARsF0="
    },
    "mixto": {
      "version": "1.0.0",
      "resolved": "http://npm.krumedia.com:4873/mixto/-/mixto-1.0.0.tgz",
      "integrity": "sha1-wyDvYbUvKJj1IuF9i7xtUG2EJbY="
    },
    "mkdirp": {
      "version": "0.5.1",
      "resolved": "http://npm.krumedia.com:4873/mkdirp/-/mkdirp-0.5.1.tgz",
      "integrity": "sha1-MAV0OOrGz3+MR2fzhkjWaX11yQM=",
      "requires": {
        "minimist": "0.0.8"
      }
    },
    "mocha": {
      "version": "3.5.3",
      "resolved": "http://npm.krumedia.com:4873/mocha/-/mocha-3.5.3.tgz",
      "integrity": "sha512-/6na001MJWEtYxHOV1WLfsmR4YIynkUEhBwzsb+fk2qmQ3iqsi258l/Q2MWHJMImAcNpZ8DEdYAK72NHoIQ9Eg==",
      "requires": {
        "browser-stdout": "1.3.0",
        "commander": "2.9.0",
        "debug": "2.6.8",
        "diff": "3.2.0",
        "escape-string-regexp": "1.0.5",
        "glob": "7.1.1",
        "growl": "1.9.2",
        "he": "1.1.1",
        "json3": "3.3.2",
        "lodash.create": "3.1.1",
        "mkdirp": "0.5.1",
        "supports-color": "3.1.2"
      },
      "dependencies": {
        "diff": {
          "version": "3.2.0",
          "resolved": "http://npm.krumedia.com:4873/diff/-/diff-3.2.0.tgz",
          "integrity": "sha1-yc45Okt8vQsFinJck98pkCeGj/k="
        }
      }
    },
    "ms": {
      "version": "2.0.0",
      "resolved": "http://npm.krumedia.com:4873/ms/-/ms-2.0.0.tgz",
      "integrity": "sha1-VgiurfwAvmwpAd9fmGF4jeDVl8g="
    },
    "nan": {
      "version": "2.8.0",
      "resolved": "http://npm.krumedia.com:4873/nan/-/nan-2.8.0.tgz",
      "integrity": "sha1-7XFfP+neArV6XmJS2QqWZ14fCFo="
    },
    "once": {
      "version": "1.4.0",
      "resolved": "http://npm.krumedia.com:4873/once/-/once-1.4.0.tgz",
      "integrity": "sha1-WDsap3WWHUsROsF9nFC6753Xa9E=",
      "requires": {
        "wrappy": "1.0.2"
      }
    },
    "path-is-absolute": {
      "version": "1.0.1",
      "resolved": "http://npm.krumedia.com:4873/path-is-absolute/-/path-is-absolute-1.0.1.tgz",
      "integrity": "sha1-F0uSaHNVNP+8es5r9TpanhtcX18="
    },
    "pathwatcher": {
      "version": "8.0.1",
      "resolved": "http://npm.krumedia.com:4873/pathwatcher/-/pathwatcher-8.0.1.tgz",
      "integrity": "sha512-NN+P7PRWdT8Zd1FwGOX/eLFD8tNuFBdDW/ysL5ufi9BFqAgOfQrV0pMMY/oRDFOZEUR4Y8RudXpLuPjE9b2pmQ==",
      "requires": {
        "async": "0.2.10",
        "emissary": "1.3.3",
        "event-kit": "2.4.0",
        "fs-plus": "3.0.2",
        "grim": "2.0.2",
        "iconv-lite": "0.4.19",
        "nan": "2.8.0",
        "underscore-plus": "1.6.6"
      },
      "dependencies": {
        "async": {
          "version": "0.2.10",
          "resolved": "http://npm.krumedia.com:4873/async/-/async-0.2.10.tgz",
          "integrity": "sha1-trvgsGdLnXGXCMo43owjfLUmw9E="
        }
      }
    },
    "property-accessors": {
      "version": "1.1.3",
      "resolved": "http://npm.krumedia.com:4873/property-accessors/-/property-accessors-1.1.3.tgz",
      "integrity": "sha1-Hd6EAkYxhlkJ7zBwM2VoDF+SixU=",
      "requires": {
        "es6-weak-map": "0.1.4",
        "mixto": "1.0.0"
      }
    },
    "rimraf": {
      "version": "2.6.2",
      "resolved": "http://npm.krumedia.com:4873/rimraf/-/rimraf-2.6.2.tgz",
      "integrity": "sha512-lreewLK/BlghmxtfH36YYVg1i8IAce4TI7oao75I1g245+6BctqTVQiBP3YUJ9C6DQOXJmkYR9X9fCLtCOJc5w==",
      "requires": {
        "glob": "7.1.1"
      }
    },
    "serializable": {
      "version": "1.0.3",
      "resolved": "http://npm.krumedia.com:4873/serializable/-/serializable-1.0.3.tgz",
      "integrity": "sha1-ClqLa3d3yyRUTfEab4iabSs+EYk=",
      "requires": {
        "get-parameter-names": "0.2.0",
        "mixto": "1.0.0",
        "underscore-plus": "1.6.6"
      }
    },
    "superstring": {
      "version": "2.2.17",
      "resolved": "http://npm.krumedia.com:4873/superstring/-/superstring-2.2.17.tgz",
      "integrity": "sha512-7/3jvvetxkJvVpoJwtA+30aha/COezEppfjESOAJvXMDtCY2UkDdgB5B7ltCr0KnCqMhhXOdSsI+ahgfqLfJ0Q==",
      "requires": {
        "nan": "2.8.0"
      }
    },
    "supports-color": {
      "version": "3.1.2",
      "resolved": "http://npm.krumedia.com:4873/supports-color/-/supports-color-3.1.2.tgz",
      "integrity": "sha1-cqJiiU2dQIuVbKBf83su2KbiotU=",
      "requires": {
        "has-flag": "1.0.0"
      }
    },
    "text-buffer": {
      "version": "13.11.8",
      "resolved": "http://npm.krumedia.com:4873/text-buffer/-/text-buffer-13.11.8.tgz",
      "integrity": "sha512-U9KIELyGOEWa31k9IlsX6midPe5JCYWSVFEgCwvgYxQcoEeNqwiPFVpYb1HZuc6op1iOPdvLNKGTAUD5B9f93A==",
      "requires": {
        "delegato": "1.0.0",
        "diff": "2.2.3",
        "emissary": "1.3.3",
        "event-kit": "2.4.0",
        "fs-admin": "0.1.6",
        "fs-plus": "3.0.2",
        "grim": "2.0.2",
        "mkdirp": "0.5.1",
        "pathwatcher": "8.0.1",
        "serializable": "1.0.3",
        "superstring": "2.2.17",
        "underscore-plus": "1.6.6"
      }
    },
    "underscore": {
      "version": "1.6.0",
      "resolved": "http://npm.krumedia.com:4873/underscore/-/underscore-1.6.0.tgz",
      "integrity": "sha1-izixDKze9jM3uLJOT/htRa6lKag="
    },
    "underscore-plus": {
      "version": "1.6.6",
      "resolved": "http://npm.krumedia.com:4873/underscore-plus/-/underscore-plus-1.6.6.tgz",
      "integrity": "sha1-ZezeG9xEGjXYnmUP1w3PE65Dmn0=",
      "requires": {
        "underscore": "1.6.0"
      }
    },
    "wrappy": {
      "version": "1.0.2",
      "resolved": "http://npm.krumedia.com:4873/wrappy/-/wrappy-1.0.2.tgz",
      "integrity": "sha1-tSQ9jz7BqjXxNkYFvA0QNuMKtp8="
    }
  }
}
